
Microsoft Visual Studio Solution File, Format Version 12.00
# Visual Studio 2012
Project("{FAE04EC0-301F-11D3-BF4B-00C04F79EFBC}") = "Reader", "Reader\Reader.csproj", "{8F638363-9DF2-42AC-842A-0036F8D4A028}"
EndProject
Project("{2150E333-8FDC-42A3-9474-1A3956D46DE8}") = ".nuget", ".nuget", "{BB0AC002-0E49-42BA-861E-54096CCA1E9F}"
	ProjectSection(SolutionItems) = preProject
		.nuget\Microsoft.Build.dll = .nuget\Microsoft.Build.dll
		.nuget\NuGet.Config = .nuget\NuGet.Config
		.nuget\NuGet.exe = .nuget\NuGet.exe
		.nuget\NuGet.targets = .nuget\NuGet.targets
	EndProjectSection
EndProject
Global
	GlobalSection(SolutionConfigurationPlatforms) = preSolution
		Debug|Any CPU = Debug|Any CPU
		Release|Any CPU = Release|Any CPU
	EndGlobalSection
	GlobalSection(ProjectConfigurationPlatforms) = postSolution
		{8F638363-9DF2-42AC-842A-0036F8D4A028}.Debug|Any CPU.ActiveCfg = Debug|Any CPU
		{8F638363-9DF2-42AC-842A-0036F8D4A028}.Debug|Any CPU.Build.0 = Debug|Any CPU
		{8F638363-9DF2-42AC-842A-0036F8D4A028}.Release|Any CPU.ActiveCfg = Release|Any CPU
		{8F638363-9DF2-42AC-842A-0036F8D4A028}.Release|Any CPU.Build.0 = Release|Any CPU
	EndGlobalSection
	GlobalSection(SolutionProperties) = preSolution
		HideSolutionNode = FALSE
	EndGlobalSection
EndGlobal
